{
  "name": "skitter-scraper",
  "version": "1.0.0",
  "lockfileVersion": 1,
  "requires": true,
  "dependencies": {
    "async": {
      "version": "2.6.4",
      "resolved": "https://registry.npmjs.org/async/-/async-2.6.4.tgz",
      "integrity": "sha512-mzo5dfJYwAn29PeiJ0zvwTo04zj8HDJj0Mn8TD7sno7q12prdbnasKJHhkm2c1LgrhlJ0teaea8860oxi51mGA==",
      "requires": {
        "lodash": "^4.17.14"
      }
    },
    "async-limiter": {
      "version": "1.0.1",
      "resolved": "https://registry.npmjs.org/async-limiter/-/async-limiter-1.0.1.tgz",
      "integrity": "sha512-csOlWGAcRFJaI6m+F2WKdnMKr4HhdhFVBk0H/QbJFMCr+uO2kwohwXQPxw/9OCxp05r5ghVBFSyioixx3gfkNQ=="
    },
    "babel-runtime": {
      "version": "6.26.0",
      "resolved": "https://registry.npmjs.org/babel-runtime/-/babel-runtime-6.26.0.tgz",
      "integrity": "sha1-llxwWGaOgrVde/4E/yM3vItWR/4=",
      "requires": {
        "core-js": "^2.4.0",
        "regenerator-runtime": "^0.11.0"
      }
    },
    "bluebird": {
      "version": "3.7.0",
      "resolved": "https://registry.npmjs.org/bluebird/-/bluebird-3.7.0.tgz",
      "integrity": "sha512-aBQ1FxIa7kSWCcmKHlcHFlT2jt6J/l4FzC7KcPELkOJOsPOb/bccdhmIrKDfXhwFrmc7vDoDrrepFvGqjyXGJg=="
    },
    "chrome-remote-interface": {
      "version": "0.25.7",
      "resolved": "https://registry.npmjs.org/chrome-remote-interface/-/chrome-remote-interface-0.25.7.tgz",
      "integrity": "sha512-6zI6LbR2IiGmduFZededaerEr9hHXabxT/L+fRrdq65a0CfyLMzpq0BKuZiqN0Upqcacsb6q2POj7fmobwBsEA==",
      "requires": {
        "commander": "2.11.x",
        "ws": "3.3.x"
      }
    },
    "commander": {
      "version": "2.11.0",
      "resolved": "https://registry.npmjs.org/commander/-/commander-2.11.0.tgz",
      "integrity": "sha512-b0553uYA5YAEGgyYIGYROzKQ7X5RAqedkfjiZxwi0kL1g3bOaBNNZfYkzt/CL0umgD5wc9Jec2FbB98CjkMRvQ=="
    },
    "core-js": {
      "version": "2.6.9",
      "resolved": "https://registry.npmjs.org/core-js/-/core-js-2.6.9.tgz",
      "integrity": "sha512-HOpZf6eXmnl7la+cUdMnLvUxKNqLUzJvgIziQ0DiF3JwSImNphIqdGqzj6hIKyX04MmV0poclQ7+wjWvxQyR2A=="
    },
    "deabbreviate-number": {
      "version": "1.0.0",
      "resolved": "https://registry.npmjs.org/deabbreviate-number/-/deabbreviate-number-1.0.0.tgz",
      "integrity": "sha512-7welaDC7pCeDhx1CpOC/4Q943WOlX0CiO13t8m15ErMZtcXsu1lexcTAC0K9UgraLn+bXjh/L5gTnGHHg+0JUA=="
    },
    "debug": {
      "version": "2.6.9",
      "resolved": "https://registry.npmjs.org/debug/-/debug-2.6.9.tgz",
      "integrity": "sha512-bC7ElrdJaJnPbAP+1EotYvqZsb3ecl5wi6Bfi6BJTUcNowp6cvspg0jXznRTKDjm/E7AdgFBVeAPVMNcKGsHMA==",
      "requires": {
        "ms": "2.0.0"
      }
    },
    "he": {
      "version": "1.1.1",
      "resolved": "https://registry.npmjs.org/he/-/he-1.1.1.tgz",
      "integrity": "sha1-k0EP0hsAlzUVH4howvJx80J+I/0="
    },
    "iconv-lite": {
      "version": "0.4.24",
      "resolved": "https://registry.npmjs.org/iconv-lite/-/iconv-lite-0.4.24.tgz",
      "integrity": "sha512-v3MXnZAcvnywkTUEZomIActle7RXXeedOR31wwl7VlyoXO4Qi9arvSenNQWne1TcRwhCL1HwLI21bEqdpj8/rA==",
      "requires": {
        "safer-buffer": ">= 2.1.2 < 3"
      }
    },
    "lodash": {
      "version": "4.17.15",
      "resolved": "https://registry.npmjs.org/lodash/-/lodash-4.17.15.tgz",
      "integrity": "sha512-8xOcRHvCjnocdS5cpwXQXVzmmh5e5+saE2QGoeQmbKmRS6J3VQppPOIt0MnmE+4xlZoumy0GPG0D0MVIQbNA1A=="
    },
    "ms": {
      "version": "2.0.0",
      "resolved": "https://registry.npmjs.org/ms/-/ms-2.0.0.tgz",
      "integrity": "sha1-VgiurfwAvmwpAd9fmGF4jeDVl8g="
    },
    "needle": {
      "version": "1.6.0",
      "resolved": "https://registry.npmjs.org/needle/-/needle-1.6.0.tgz",
      "integrity": "sha1-9SpYWJchIWGOAC+OY4TK2sItYk8=",
      "requires": {
        "debug": "^2.1.2",
        "iconv-lite": "^0.4.4"
      }
    },
    "nickjs": {
      "version": "0.3.6",
      "resolved": "https://registry.npmjs.org/nickjs/-/nickjs-0.3.6.tgz",
      "integrity": "sha512-kSsvBJXP98TSFherlrAMH3EBnd+eQDsFWOtxGv+smXPGAr3gMEiDDpvINiXxs5QwehdKDKWW8FRaTqx/WaajmA==",
      "requires": {
        "async": "^2.5.0",
        "babel-runtime": "^6.23.0",
        "bluebird": "^3.5.0",
        "chrome-remote-interface": "^0.25.5",
        "lodash": "^4.17.4",
        "needle": "^1.6.0",
        "once": "^1.4.0",
        "pidusage": "^1.2.0",
        "to-boolean": "^1.0.0"
      }
    },
    "node-html-parser": {
      "version": "1.1.16",
      "resolved": "https://registry.npmjs.org/node-html-parser/-/node-html-parser-1.1.16.tgz",
      "integrity": "sha512-cfqTZIYDdp5cGh3NvCD5dcEDP7hfyni7WgyFacmDynLlIZaF3GVlRk8yMARhWp/PobWt1KaCV8VKdP5LKWiVbg==",
      "requires": {
        "he": "1.1.1"
      }
    },
    "once": {
      "version": "1.4.0",
      "resolved": "https://registry.npmjs.org/once/-/once-1.4.0.tgz",
      "integrity": "sha1-WDsap3WWHUsROsF9nFC6753Xa9E=",
      "requires": {
        "wrappy": "1"
      }
    },
    "pidusage": {
      "version": "1.2.0",
      "resolved": "https://registry.npmjs.org/pidusage/-/pidusage-1.2.0.tgz",
      "integrity": "sha512-OGo+iSOk44HRJ8q15AyG570UYxcm5u+R99DI8Khu8P3tKGkVu5EZX4ywHglWSTMNNXQ274oeGpYrvFEhDIFGPg=="
    },
    "regenerator-runtime": {
      "version": "0.11.1",
      "resolved": "https://registry.npmjs.org/regenerator-runtime/-/regenerator-runtime-0.11.1.tgz",
      "integrity": "sha512-MguG95oij0fC3QV3URf4V2SDYGJhJnJGqvIIgdECeODCT98wSWDAJ94SSuVpYQUoTcGUIL6L4yNB7j1DFFHSBg=="
    },
    "safe-buffer": {
      "version": "5.1.2",
      "resolved": "https://registry.npmjs.org/safe-buffer/-/safe-buffer-5.1.2.tgz",
      "integrity": "sha512-Gd2UZBJDkXlY7GbJxfsE8/nvKkUEU1G38c1siN6QP6a9PT9MmHB8GnpscSmMJSoF8LOIrt8ud/wPtojys4G6+g=="
    },
    "safer-buffer": {
      "version": "2.1.2",
      "resolved": "https://registry.npmjs.org/safer-buffer/-/safer-buffer-2.1.2.tgz",
      "integrity": "sha512-YZo3K82SD7Riyi0E1EQPojLz7kpepnSQI9IyPbHHg1XXXevb5dJI7tpyN2ADxGcQbHG7vcyRHk0cbwqcQriUtg=="
    },
    "to-boolean": {
      "version": "1.0.0",
      "resolved": "https://registry.npmjs.org/to-boolean/-/to-boolean-1.0.0.tgz",
      "integrity": "sha1-hAZTzJWr3mrn+iWefXSGipEjLj8="
    },
    "ultron": {
      "version": "1.1.1",
      "resolved": "https://registry.npmjs.org/ultron/-/ultron-1.1.1.tgz",
      "integrity": "sha512-UIEXBNeYmKptWH6z8ZnqTeS8fV74zG0/eRU9VGkpzz+LIJNs8W/zM/L+7ctCkRrgbNnnR0xxw4bKOr0cW0N0Og=="
    },
    "wrappy": {
      "version": "1.0.2",
      "resolved": "https://registry.npmjs.org/wrappy/-/wrappy-1.0.2.tgz",
      "integrity": "sha1-tSQ9jz7BqjXxNkYFvA0QNuMKtp8="
    },
    "ws": {
      "version": "3.3.3",
      "resolved": "https://registry.npmjs.org/ws/-/ws-3.3.3.tgz",
      "integrity": "sha512-nnWLa/NwZSt4KQJu51MYlCcSQ5g7INpOrOMt4XV8j4dqTXdmlUmSHQ8/oLC069ckre0fRsgfvsKwbTdtKLCDkA==",
      "requires": {
        "async-limiter": "~1.0.0",
        "safe-buffer": "~5.1.0",
        "ultron": "~1.1.0"
      }
    }
  }
}
